{
  "version": "5",
  "specifiers": {
    "jsr:@perish/harness@0.1.0": "0.1.0",
    "jsr:@std/cli@1.0.30": "1.0.30"
  },
  "jsr": {
    "@perish/harness@0.1.0": {
      "integrity": "1d55088d77f7bffa19de6ed3551e748444c93d4bb4426e41b8ddf54cd42fdb29",
      "dependencies": [
        "jsr:@std/cli"
      ]
    },
    "@std/cli@1.0.30": {
      "integrity": "769446536522d0417d7127ebcabcafac1ab0ce6766d0eb3fca1d36326fe98d13"
    }
  },
  "workspace": {
    "dependencies": [
      "jsr:@perish/harness@0.1.0"
    ]
  }
}
