{
  "version": "5",
  "specifiers": {
    "jsr:@perish/harness@0.1.0-beta.2": "0.1.0-beta.2",
    "jsr:@std/cli@1.0.30": "1.0.30"
  },
  "jsr": {
    "@perish/harness@0.1.0-beta.2": {
      "integrity": "f65dcc9330bbee33136682f3d466ff5bc5976a9df8c64707253b12a70c355c03",
      "dependencies": [
        "jsr:@std/cli"
      ]
    },
    "@std/cli@1.0.30": {
      "integrity": "769446536522d0417d7127ebcabcafac1ab0ce6766d0eb3fca1d36326fe98d13"
    }
  },
  "workspace": {
    "dependencies": [
      "jsr:@perish/harness@0.1.0-beta.2"
    ]
  }
}
